
Microsoft Visual Studio Solution File, Format Version 12.00
# Visual Studio Version 16
VisualStudioVersion = 16.0.29020.237
MinimumVisualStudioVersion = 10.0.40219.1
Project("{FAE04EC0-301F-11D3-BF4B-00C04F79EFBC}") = "ShopMVC", "ShopMVC\ShopMVC.csproj", "{0B7B6753-527E-4C84-8925-3362F5036A1C}"
EndProject
Project("{FAE04EC0-301F-11D3-BF4B-00C04F79EFBC}") = "ShopMVC.Tests", "ShopMVC.Tests\ShopMVC.Tests.csproj", "{0FA47B06-3FF4-402B-B38B-E21B444F1F36}"
EndProject
Project("{FAE04EC0-301F-11D3-BF4B-00C04F79EFBC}") = "ShopMVC.ViewModels", "ShopMVC.ViewModels\ShopMVC.ViewModels.csproj", "{DAA65B6C-3BB1-400B-A3D3-8F2068C04D36}"
EndProject
Global
	GlobalSection(SolutionConfigurationPlatforms) = preSolution
		Debug|Any CPU = Debug|Any CPU
		Release|Any CPU = Release|Any CPU
	EndGlobalSection
	GlobalSection(ProjectConfigurationPlatforms) = postSolution
		{0B7B6753-527E-4C84-8925-3362F5036A1C}.Debug|Any CPU.ActiveCfg = Debug|Any CPU
		{0B7B6753-527E-4C84-8925-3362F5036A1C}.Debug|Any CPU.Build.0 = Debug|Any CPU
		{0B7B6753-527E-4C84-8925-3362F5036A1C}.Release|Any CPU.ActiveCfg = Release|Any CPU
		{0B7B6753-527E-4C84-8925-3362F5036A1C}.Release|Any CPU.Build.0 = Release|Any CPU
		{0FA47B06-3FF4-402B-B38B-E21B444F1F36}.Debug|Any CPU.ActiveCfg = Debug|Any CPU
		{0FA47B06-3FF4-402B-B38B-E21B444F1F36}.Debug|Any CPU.Build.0 = Debug|Any CPU
		{0FA47B06-3FF4-402B-B38B-E21B444F1F36}.Release|Any CPU.ActiveCfg = Release|Any CPU
		{0FA47B06-3FF4-402B-B38B-E21B444F1F36}.Release|Any CPU.Build.0 = Release|Any CPU
		{DAA65B6C-3BB1-400B-A3D3-8F2068C04D36}.Debug|Any CPU.ActiveCfg = Debug|Any CPU
		{DAA65B6C-3BB1-400B-A3D3-8F2068C04D36}.Debug|Any CPU.Build.0 = Debug|Any CPU
		{DAA65B6C-3BB1-400B-A3D3-8F2068C04D36}.Release|Any CPU.ActiveCfg = Release|Any CPU
		{DAA65B6C-3BB1-400B-A3D3-8F2068C04D36}.Release|Any CPU.Build.0 = Release|Any CPU
	EndGlobalSection
	GlobalSection(SolutionProperties) = preSolution
		HideSolutionNode = FALSE
	EndGlobalSection
	GlobalSection(ExtensibilityGlobals) = postSolution
		SolutionGuid = {C60DE908-DEF4-493A-BB8F-361C8A7E8BD8}
	EndGlobalSection
EndGlobal
